{
  "originHash" : "0f46aa0bb26dee9701c11ea88bf5ba57960897dbb8217431322a4e6c7a7b6398",
  "pins" : [
    {
      "identity" : "swift-algorithms",
      "kind" : "remoteSourceControl",
      "location" : "https://github.com/apple/swift-algorithms.git",
      "state" : {
        "branch" : "main",
        "revision" : "34b1705efd40fa47ace0d02d0ce89872bc53060d"
      }
    },
    {
      "identity" : "swift-argument-parser",
      "kind" : "remoteSourceControl",
      "location" : "https://github.com/apple/swift-argument-parser.git",
      "state" : {
        "branch" : "main",
        "revision" : "0fbc8848e389af3bb55c182bc19ca9d5dc2f255b"
      }
    },
    {
      "identity" : "swift-case-paths",
      "kind" : "remoteSourceControl",
      "location" : "https://github.com/pointfreeco/swift-case-paths.git",
      "state" : {
        "revision" : "642e6aab8e03e5f992d9c83e38c5be98cfad5078",
        "version" : "1.5.5"
      }
    },
    {
      "identity" : "swift-numerics",
      "kind" : "remoteSourceControl",
      "location" : "https://github.com/apple/swift-numerics.git",
      "state" : {
        "revision" : "0a5bc04095a675662cf24757cc0640aa2204253b",
        "version" : "1.0.2"
      }
    },
    {
      "identity" : "swift-parsing",
      "kind" : "remoteSourceControl",
      "location" : "https://github.com/pointfreeco/swift-parsing.git",
      "state" : {
        "branch" : "main",
        "revision" : "f949081268f1f67f2cbc6e4f13a1494f6bcb0cd2"
      }
    },
    {
      "identity" : "swift-syntax",
      "kind" : "remoteSourceControl",
      "location" : "https://github.com/swiftlang/swift-syntax",
      "state" : {
        "revision" : "cb53fa1bd3219b0b23ded7dfdd3b2baff266fd25",
        "version" : "600.0.0"
      }
    },
    {
      "identity" : "xctest-dynamic-overlay",
      "kind" : "remoteSourceControl",
      "location" : "https://github.com/pointfreeco/xctest-dynamic-overlay",
      "state" : {
        "revision" : "bc2a151366f2cd0e347274544933bc2acb00c9fe",
        "version" : "1.4.0"
      }
    }
  ],
  "version" : 3
}
